
Microsoft Visual Studio Solution File, Format Version 12.00
# Visual Studio Version 17
VisualStudioVersion = 17.1.32407.343
MinimumVisualStudioVersion = 10.0.40219.1
Project("{FAE04EC0-301F-11D3-BF4B-00C04F79EFBC}") = "JGAddressBook", "JGAddressBook\JGAddressBook.csproj", "{6BDF104B-54FD-442D-8138-930346D43D7C}"
EndProject
Global
	GlobalSection(SolutionConfigurationPlatforms) = preSolution
		Debug|Any CPU = Debug|Any CPU
		Release|Any CPU = Release|Any CPU
	EndGlobalSection
	GlobalSection(ProjectConfigurationPlatforms) = postSolution
		{6BDF104B-54FD-442D-8138-930346D43D7C}.Debug|Any CPU.ActiveCfg = Debug|Any CPU
		{6BDF104B-54FD-442D-8138-930346D43D7C}.Debug|Any CPU.Build.0 = Debug|Any CPU
		{6BDF104B-54FD-442D-8138-930346D43D7C}.Release|Any CPU.ActiveCfg = Release|Any CPU
		{6BDF104B-54FD-442D-8138-930346D43D7C}.Release|Any CPU.Build.0 = Release|Any CPU
	EndGlobalSection
	GlobalSection(SolutionProperties) = preSolution
		HideSolutionNode = FALSE
	EndGlobalSection
	GlobalSection(ExtensibilityGlobals) = postSolution
		SolutionGuid = {EFB72705-C2AA-476D-8962-6537EE4C3979}
	EndGlobalSection
EndGlobal
